
Microsoft Visual Studio Solution File, Format Version 12.00
# Visual Studio Version 17
VisualStudioVersion = 17.10.34928.147
MinimumVisualStudioVersion = 10.0.40219.1
Project("{FAE04EC0-301F-11D3-BF4B-00C04F79EFBC}") = "SportsStore", "SportsStore\SportsStore.csproj", "{CE391683-5159-4B51-B69C-14AC981C5DAF}"
EndProject
Global
	GlobalSection(SolutionConfigurationPlatforms) = preSolution
		Debug|Any CPU = Debug|Any CPU
		Release|Any CPU = Release|Any CPU
	EndGlobalSection
	GlobalSection(ProjectConfigurationPlatforms) = postSolution
		{CE391683-5159-4B51-B69C-14AC981C5DAF}.Debug|Any CPU.ActiveCfg = Debug|Any CPU
		{CE391683-5159-4B51-B69C-14AC981C5DAF}.Debug|Any CPU.Build.0 = Debug|Any CPU
		{CE391683-5159-4B51-B69C-14AC981C5DAF}.Release|Any CPU.ActiveCfg = Release|Any CPU
		{CE391683-5159-4B51-B69C-14AC981C5DAF}.Release|Any CPU.Build.0 = Release|Any CPU
	EndGlobalSection
	GlobalSection(SolutionProperties) = preSolution
		HideSolutionNode = FALSE
	EndGlobalSection
	GlobalSection(ExtensibilityGlobals) = postSolution
		SolutionGuid = {9881790D-5737-4F99-8D4D-B28DEA7EBE3D}
	EndGlobalSection
EndGlobal
